
Microsoft Visual Studio Solution File, Format Version 12.00
# Visual Studio Version 16
VisualStudioVersion = 16.0.31205.134
MinimumVisualStudioVersion = 10.0.40219.1
Project("{8BC9CEB8-8B4A-11D0-8D11-00A0C91BC942}") = "function_pointer", "function_pointer\function_pointer.vcxproj", "{C5F80730-F44F-4478-BDAE-6634EFC2CA88}"
EndProject
Project("{8BC9CEB8-8B4A-11D0-8D11-00A0C91BC942}") = "pointerAsArray", "pointerAsArray\pointerAsArray.vcxproj", "{31D776DF-16AB-42DB-9207-BED20C61B428}"
EndProject
Project("{8BC9CEB8-8B4A-11D0-8D11-00A0C91BC942}") = "softSerialInFunction", "softSerialInFunction\softSerialInFunction.vcxproj", "{C4808A86-E47A-41D4-8B0B-2F30F83C2C33}"
EndProject
Global
	GlobalSection(SolutionConfigurationPlatforms) = preSolution
		Debug|x86 = Debug|x86
		Release|x86 = Release|x86
	EndGlobalSection
	GlobalSection(ProjectConfigurationPlatforms) = postSolution
		{C5F80730-F44F-4478-BDAE-6634EFC2CA88}.Debug|x86.ActiveCfg = Debug|Win32
		{C5F80730-F44F-4478-BDAE-6634EFC2CA88}.Debug|x86.Build.0 = Debug|Win32
		{C5F80730-F44F-4478-BDAE-6634EFC2CA88}.Release|x86.ActiveCfg = Release|Win32
		{C5F80730-F44F-4478-BDAE-6634EFC2CA88}.Release|x86.Build.0 = Release|Win32
		{31D776DF-16AB-42DB-9207-BED20C61B428}.Debug|x86.ActiveCfg = Debug|Win32
		{31D776DF-16AB-42DB-9207-BED20C61B428}.Debug|x86.Build.0 = Debug|Win32
		{31D776DF-16AB-42DB-9207-BED20C61B428}.Release|x86.ActiveCfg = Release|Win32
		{31D776DF-16AB-42DB-9207-BED20C61B428}.Release|x86.Build.0 = Release|Win32
		{C4808A86-E47A-41D4-8B0B-2F30F83C2C33}.Debug|x86.ActiveCfg = Debug|Win32
		{C4808A86-E47A-41D4-8B0B-2F30F83C2C33}.Debug|x86.Build.0 = Debug|Win32
		{C4808A86-E47A-41D4-8B0B-2F30F83C2C33}.Release|x86.ActiveCfg = Release|Win32
		{C4808A86-E47A-41D4-8B0B-2F30F83C2C33}.Release|x86.Build.0 = Release|Win32
	EndGlobalSection
	GlobalSection(SolutionProperties) = preSolution
		HideSolutionNode = FALSE
	EndGlobalSection
	GlobalSection(ExtensibilityGlobals) = postSolution
		SolutionGuid = {6D22909E-8BB3-41D0-BEB0-65ED3052DBEC}
	EndGlobalSection
EndGlobal
